{
  "name": "arena-planner-ai",
  "version": "1.0.0",
  "lockfileVersion": 3,
  "requires": true,
  "packages": {
    "": {
      "name": "arena-planner-ai",
      "version": "1.0.0",
      "dependencies": {
        "@prisma/client": "^6.9.0",
        "bcryptjs": "^2.4.3",
        "jsonwebtoken": "^9.0.2",
        "lucide-react": "^0.479.0",
        "next": "^15.3.3",
        "react": "^19.0.0",
        "react-dom": "^19.0.0"
      },
      "devDependencies": {
        "@types/bcryptjs": "^2.4.6",
        "@types/jsonwebtoken": "^9.0.9",
        "@types/n
…(truncated)